
Microsoft Visual Studio Solution File, Format Version 12.00
# Visual Studio Version 16
VisualStudioVersion = 25.0.1706.8
MinimumVisualStudioVersion = 10.0.40219.1
Project("{FAE04EC0-301F-11D3-BF4B-00C04F79EFBC}") = "Products.Application", "Products.Application\Products.Application.csproj", "{7E474B48-2D7B-43AE-9FF4-6B5BD58174A9}"
EndProject
Project("{FAE04EC0-301F-11D3-BF4B-00C04F79EFBC}") = "Products.DAL", "Products.DAL\Products.DAL.csproj", "{B27DC476-6511-4C61-B058-ED6AA58B8A8D}"
EndProject
Project("{FAE04EC0-301F-11D3-BF4B-00C04F79EFBC}") = "Products.Model", "Products.Model\Products.Model.csproj", "{8221D3D2-83D3-4D48-97CC-15460DBB9F77}"
EndProject
Project("{FAE04EC0-301F-11D3-BF4B-00C04F79EFBC}") = "Products.Api", "Products.Api\Products.Api.csproj", "{A54A4B4D-8502-4579-A5DD-231299DFEB00}"
EndProject
Project("{FAE04EC0-301F-11D3-BF4B-00C04F79EFBC}") = "Products.Test", "Products.Test\Products.Test.csproj", "{68B79B7A-8542-4BF0-BDF8-3F814411FD89}"
EndProject
Global
	GlobalSection(SolutionConfigurationPlatforms) = preSolution
		Debug|Any CPU = Debug|Any CPU
		Release|Any CPU = Release|Any CPU
	EndGlobalSection
	GlobalSection(ProjectConfigurationPlatforms) = postSolution
		{7E474B48-2D7B-43AE-9FF4-6B5BD58174A9}.Debug|Any CPU.ActiveCfg = Debug|Any CPU
		{7E474B48-2D7B-43AE-9FF4-6B5BD58174A9}.Debug|Any CPU.Build.0 = Debug|Any CPU
		{7E474B48-2D7B-43AE-9FF4-6B5BD58174A9}.Release|Any CPU.ActiveCfg = Release|Any CPU
		{7E474B48-2D7B-43AE-9FF4-6B5BD58174A9}.Release|Any CPU.Build.0 = Release|Any CPU
		{B27DC476-6511-4C61-B058-ED6AA58B8A8D}.Debug|Any CPU.ActiveCfg = Debug|Any CPU
		{B27DC476-6511-4C61-B058-ED6AA58B8A8D}.Debug|Any CPU.Build.0 = Debug|Any CPU
		{B27DC476-6511-4C61-B058-ED6AA58B8A8D}.Release|Any CPU.ActiveCfg = Release|Any CPU
		{B27DC476-6511-4C61-B058-ED6AA58B8A8D}.Release|Any CPU.Build.0 = Release|Any CPU
		{8221D3D2-83D3-4D48-97CC-15460DBB9F77}.Debug|Any CPU.ActiveCfg = Debug|Any CPU
		{8221D3D2-83D3-4D48-97CC-15460DBB9F77}.Debug|Any CPU.Build.0 = Debug|Any CPU
		{8221D3D2-83D3-4D48-97CC-15460DBB9F77}.Release|Any CPU.ActiveCfg = Release|Any CPU
		{8221D3D2-83D3-4D48-97CC-15460DBB9F77}.Release|Any CPU.Build.0 = Release|Any CPU
		{A54A4B4D-8502-4579-A5DD-231299DFEB00}.Debug|Any CPU.ActiveCfg = Debug|Any CPU
		{A54A4B4D-8502-4579-A5DD-231299DFEB00}.Debug|Any CPU.Build.0 = Debug|Any CPU
		{A54A4B4D-8502-4579-A5DD-231299DFEB00}.Release|Any CPU.ActiveCfg = Release|Any CPU
		{A54A4B4D-8502-4579-A5DD-231299DFEB00}.Release|Any CPU.Build.0 = Release|Any CPU
		{68B79B7A-8542-4BF0-BDF8-3F814411FD89}.Debug|Any CPU.ActiveCfg = Debug|Any CPU
		{68B79B7A-8542-4BF0-BDF8-3F814411FD89}.Debug|Any CPU.Build.0 = Debug|Any CPU
		{68B79B7A-8542-4BF0-BDF8-3F814411FD89}.Release|Any CPU.ActiveCfg = Release|Any CPU
		{68B79B7A-8542-4BF0-BDF8-3F814411FD89}.Release|Any CPU.Build.0 = Release|Any CPU
	EndGlobalSection
	GlobalSection(SolutionProperties) = preSolution
		HideSolutionNode = FALSE
	EndGlobalSection
	GlobalSection(ExtensibilityGlobals) = postSolution
		SolutionGuid = {E74A056A-4DFC-4310-A20E-C736FE191B10}
	EndGlobalSection
EndGlobal
